
Microsoft Visual Studio Solution File, Format Version 12.00
# Visual Studio Version 17
VisualStudioVersion = 17.9.34723.18
MinimumVisualStudioVersion = 10.0.40219.1
Project("{9A19103F-16F7-4668-BE54-9A1E7A4F7556}") = "AssFontSubset.Console", "AssFontSubset.Console\AssFontSubset.Console.csproj", "{D53841EE-4B6C-434F-84C6-AF6C4AB21281}"
EndProject
Project("{9A19103F-16F7-4668-BE54-9A1E7A4F7556}") = "AssFontSubset.Core", "AssFontSubset.Core\AssFontSubset.Core.csproj", "{92B1A0C8-EB23-43F1-A0C6-09583DB19469}"
EndProject
Project("{9A19103F-16F7-4668-BE54-9A1E7A4F7556}") = "AssFontSubset.Avalonia", "AssFontSubset.Avalonia\AssFontSubset.Avalonia.csproj", "{228541CF-C1A6-48C5-8B60-95538E049C25}"
EndProject
Project("{FAE04EC0-301F-11D3-BF4B-00C04F79EFBC}") = "AssFontSubset.Core.Tests", "AssFontSubset.CoreTests\AssFontSubset.Core.Tests.csproj", "{E003AA3B-7C95-4FA3-AB7D-529B71BBD85D}"
EndProject
Global
	GlobalSection(SolutionConfigurationPlatforms) = preSolution
		Debug|Any CPU = Debug|Any CPU
		Release|Any CPU = Release|Any CPU
	EndGlobalSection
	GlobalSection(ProjectConfigurationPlatforms) = postSolution
		{D53841EE-4B6C-434F-84C6-AF6C4AB21281}.Debug|Any CPU.ActiveCfg = Debug|Any CPU
		{D53841EE-4B6C-434F-84C6-AF6C4AB21281}.Debug|Any CPU.Build.0 = Debug|Any CPU
		{D53841EE-4B6C-434F-84C6-AF6C4AB21281}.Release|Any CPU.ActiveCfg = Release|Any CPU
		{D53841EE-4B6C-434F-84C6-AF6C4AB21281}.Release|Any CPU.Build.0 = Release|Any CPU
		{92B1A0C8-EB23-43F1-A0C6-09583DB19469}.Debug|Any CPU.ActiveCfg = Debug|Any CPU
		{92B1A0C8-EB23-43F1-A0C6-09583DB19469}.Debug|Any CPU.Build.0 = Debug|Any CPU
		{92B1A0C8-EB23-43F1-A0C6-09583DB19469}.Release|Any CPU.ActiveCfg = Release|Any CPU
		{92B1A0C8-EB23-43F1-A0C6-09583DB19469}.Release|Any CPU.Build.0 = Release|Any CPU
		{228541CF-C1A6-48C5-8B60-95538E049C25}.Debug|Any CPU.ActiveCfg = Debug|Any CPU
		{228541CF-C1A6-48C5-8B60-95538E049C25}.Debug|Any CPU.Build.0 = Debug|Any CPU
		{228541CF-C1A6-48C5-8B60-95538E049C25}.Release|Any CPU.ActiveCfg = Release|Any CPU
		{228541CF-C1A6-48C5-8B60-95538E049C25}.Release|Any CPU.Build.0 = Release|Any CPU
		{E003AA3B-7C95-4FA3-AB7D-529B71BBD85D}.Debug|Any CPU.ActiveCfg = Debug|Any CPU
		{E003AA3B-7C95-4FA3-AB7D-529B71BBD85D}.Debug|Any CPU.Build.0 = Debug|Any CPU
		{E003AA3B-7C95-4FA3-AB7D-529B71BBD85D}.Release|Any CPU.ActiveCfg = Release|Any CPU
		{E003AA3B-7C95-4FA3-AB7D-529B71BBD85D}.Release|Any CPU.Build.0 = Release|Any CPU
	EndGlobalSection
	GlobalSection(SolutionProperties) = preSolution
		HideSolutionNode = FALSE
	EndGlobalSection
	GlobalSection(ExtensibilityGlobals) = postSolution
		SolutionGuid = {7AAEC8D3-F3CE-4178-9BC0-5399DA0548AE}
	EndGlobalSection
EndGlobal
